// !$*UTF8*$!
{
	archiveVersion = 1;
	classes = {
	};
	objectVersion = 56;
	objects = {

/* Begin PBXBuildFile section */
		BE5DF6232883577C0099AA30 /* AppDelegate.swift in Sources */ = {isa = PBXBuildFile; fileRef = BE5DF6222883577C0099AA30 /* AppDelegate.swift */; };
		BE5DF6252883577C0099AA30 /* SceneDelegate.swift in Sources */ = {isa = PBXBuildFile; fileRef = BE5DF6242883577C0099AA30 /* SceneDelegate.swift */; };
		BE5DF6272883577C0099AA30 /* ViewController.swift in Sources */ = {isa = PBXBuildFile; fileRef = BE5DF6262883577C0099AA30 /* ViewController.swift */; };
		BE5DF62A2883577C0099AA30 /* Main.storyboard in Resources */ = {isa = PBXBuildFile; fileRef = BE5DF6282883577C0099AA30 /* Main.storyboard */; };
		BE5DF62C2883577D0099AA30 /* Assets.xcassets in Resources */ = {isa = PBXBuildFile; fileRef = BE5DF62B2883577D0099AA30 /* Assets.xcassets */; };
		BE5DF62F2883577D0099AA30 /* LaunchScreen.storyboard in Resources */ = {isa = PBXBuildFile; fileRef = BE5DF62D2883577D0099AA30 /* LaunchScreen.storyboard */; };
		BE5DF63A2883577D0099AA30 /* PreworkTests.swift in Sources */ = {isa = PBXBuildFile; fileRef = BE5DF6392883577D0099AA30 /* PreworkTests.swift */; };
		BE5DF6442883577D0099AA30 /* PreworkUITests.swift in Sources */ = {isa = PBXBuildFile; fileRef = BE5DF6432883577D0099AA30 /* PreworkUITests.swift */; };
		BE5DF6462883577D0099AA30 /* PreworkUITestsLaunchTests.swift in Sources */ = {isa = PBXBuildFile; fileRef = BE5DF6452883577D0099AA30 /* PreworkUITestsLaunchTests.swift */; };
/* End PBXBuildFile section */

/* Begin PBXContainerItemProxy section */
		BE5DF6362883577D0099AA30 /* PBXContainerItemProxy */ = {
			isa = PBXContainerItemProxy;
			containerPortal = BE5DF6172883577C0099AA30 /* Project object */;
			proxyType = 1;
			remoteGlobalIDString = BE5DF61E2883577C0099AA30;
			remoteInfo = Prework;
		};
		BE5DF6402883577D0099AA30 /* PBXContainerItemProxy */ = {
			isa = PBXContainerItemProxy;
			containerPortal = BE5DF6172883577C0099AA30 /* Project object */;
			proxyType = 1;
			remoteGlobalIDString = BE5DF61E2883577C0099AA30;
			remoteInfo = Prework;
		};
/* End PBXContainerItemProxy section */

/* Begin PBXFileReference section */
		BE5DF61F2883577C0099AA30 /* Prework.app */ = {isa = PBXFileReference; explicitFileType = wrapper.application; includeInIndex = 0; path = Prework.app; sourceTree = BUILT_PRODUCTS_DIR; };
		BE5DF6222883577C0099AA30 /* AppDelegate.swift */ = {isa = PBXFileReference; lastKnownFileType = sourcecode.swift; path = AppDelegate.swift; sourceTree = "<group>"; };
		BE5DF6242883577C0099AA30 /* SceneDelegate.swift */ = {isa = PBXFileReference; lastKnownFileType = sourcecode.swift; path = SceneDelegate.swift; sourceTree = "<group>"; };
		BE5DF6262883577C0099AA30 /* ViewController.swift */ = {isa = PBXFileReference; lastKnownFileType = sourcecode.swift; path = ViewController.swift; sourceTree = "<group>"; };
		BE5DF6292883577C0099AA30 /* Base */ = {isa = PBXFileReference; lastKnownFileType = file.storyboard; name = Base; path = Base.lproj/Main.storyboard; sourceTree = "<group>"; };
		BE5DF62B2883577D0099AA30 /* Assets.xcassets */ = {isa = PBXFileReference; lastKnownFileType = folder.assetcatalog; path = Assets.xcassets; sourceTree = "<group>"; };
		BE5DF62E2883577D0099AA30 /* Base */ = {isa = PBXFileReference; lastKnownFileType = file.storyboard; name = Base; path = Base.lproj/LaunchScreen.storyboard; sourceTree = "<group>"; };
		BE5DF6302883577D0099AA30 /* Info.plist */ = {isa = PBXFileReference; lastKnownFileType = text.plist.xml; path = Info.plist; sourceTree = "<group>"; };
		BE5DF6352883577D0099AA30 /* PreworkTests.xctest */ = {isa = PBXFileReference; explicitFileType = wrapper.cfbundle; includeInIndex = 0; path = PreworkTests.xctest; sourceTree = BUILT_PRODUCTS_DIR; };
		BE5DF6392883577D0099AA30 /* PreworkTests.swift */ = {isa = PBXFileReference; lastKnownFileType = sourcecode.swift; path = PreworkTests.swift; sourceTree = "<group>"; };
		BE5DF63F2883577D0099AA30 /* PreworkUITests.xctest */ = {isa = PBXFileReference; explicitFileType = wrapper.cfbundle; includeInIndex = 0; path = PreworkUITests.xctest; sourceTree = BUILT_PRODUCTS_DIR; };
		BE5DF6432883577D0099AA30 /* PreworkUITests.swift */ = {isa = PBXFileReference; lastKnownFileType = sourcecode.swift; path = PreworkUITests.swift; sourceTree = "<group>"; };
		BE5DF6452883577D0099AA30 /* PreworkUITestsLaunchTests.swift */ = {isa = PBXFileReference; lastKnownFileType = sourcecode.swift; path = PreworkUITestsLaunchTests.swift; sourceTree = "<group>"; };
/* End PBXFileReference section */

/* Begin PBXFrameworksBuildPhase section */
		BE5DF61C2883577C0099AA30 /* Frameworks */ = {
			isa = PBXFrameworksBuildPhase;
			buildActionMask = 2147483647;
			files = (
			);
			runOnlyForDeploymentPostprocessing = 0;
		};
		BE5DF6322883577D0099AA30 /* Frameworks */ = {
			isa = PBXFrameworksBuildPhase;
			buildActionMask = 2147483647;
			files = (
			);
			runOnlyForDeploymentPostprocessing = 0;
		};
		BE5DF63C2883577D0099AA30 /* Frameworks */ = {
			isa = PBXFrameworksBuildPhase;
			buildActionMask = 2147483647;
			files = (
			);
			runOnlyForDeploymentPostprocessing = 0;
		};
/* End PBXFrameworksBuildPhase section */

/* Begin PBXGroup section */
		BE5DF6162883577C0099AA30 = {
			isa = PBXGroup;
			children = (
				BE5DF6212883577C0099AA30 /* Prework */,
				BE5DF6382883577D0099AA30 /* PreworkTests */,
				BE5DF6422883577D0099AA30 /* PreworkUITests */,
				BE5DF6202883577C0099AA30 /* Products */,
			);
			sourceTree = "<group>";
		};
		BE5DF6202883577C0099AA30 /* Products */ = {
			isa = PBXGroup;
			children = (
				BE5DF61F2883577C0099AA30 /* Prework.app */,
				BE5DF6352883577D0099AA30 /* PreworkTests.xctest */,
				BE5DF63F2883577D0099AA30 /* PreworkUITests.xctest */,
			);
			name = Products;
			sourceTree = "<group>";
		};
		BE5DF6212883577C0099AA30 /* Prework */ = {
			isa = PBXGroup;
			children = (
				BE5DF6222883577C0099AA30 /* AppDelegate.swift */,
				BE5DF6242883577C0099AA30 /* SceneDelegate.swift */,
				BE5DF6262883577C0099AA30 /* ViewController.swift */,
				BE5DF6282883577C0099AA30 /* Main.storyboard */,
				BE5DF62B2883577D0099AA30 /* Assets.xcassets */,
				BE5DF62D2883577D0099AA30 /* LaunchScreen.storyboard */,
				BE5DF6302883577D0099AA30 /* Info.plist */,
			);
			path = Prework;
			sourceTree = "<group>";
		};
		BE5DF6382883577D0099AA30 /* PreworkTests */ = {
			isa = PBXGroup;
			children = (
				BE5DF6392883577D0099AA30 /* PreworkTests.swift */,
			);
			path = PreworkTests;
			sourceTree = "<group>";
		};
		BE5DF6422883577D0099AA30 /* PreworkUITests */ = {
			isa = PBXGroup;
			children = (
				BE5DF6432883577D0099AA30 /* PreworkUITests.swift */,
				BE5DF6452883577D0099AA30 /* PreworkUITestsLaunchTests.swift */,
			);
			path = PreworkUITests;
			sourceTree = "<group>";
		};
/* End PBXGroup section */

/* Begin PBXNativeTarget section */
		BE5DF61E2883577C0099AA30 /* Prework */ = {
			isa = PBXNativeTarget;
			buildConfigurationList = BE5DF6492883577D0099AA30 /* Build configuration list for PBXNativeTarget "Prework" */;
			buildPhases = (
				BE5DF61B2883577C0099AA30 /* Sources */,
				BE5DF61C2883577C0099AA30 /* Frameworks */,
				BE5DF61D2883577C0099AA30 /* Resources */,
			);
			buildRules = (
			);
			dependencies = (
			);
			name = Prework;
			productName = Prework;
			productReference = BE5DF61F2883577C0099AA30 /* Prework.app */;
			productType = "com.apple.product-type.application";
		};
		BE5DF6342883577D0099AA30 /* PreworkTests */ = {
			isa = PBXNativeTarget;
			buildConfigurationList = BE5DF64C2883577D0099AA30 /* Build configuration list for PBXNativeTarget "PreworkTests" */;
			buildPhases = (
				BE5DF6312883577D0099AA30 /* Sources */,
				BE5DF6322883577D0099AA30 /* Frameworks */,
				BE5DF6332883577D0099AA30 /* Resources */,
			);
			buildRules = (
			);
			dependencies = (
				BE5DF6372883577D0099AA30 /* PBXTargetDependency */,
			);
			name = PreworkTests;
			productName = PreworkTests;
			productReference = BE5DF6352883577D0099AA30 /* PreworkTests.xctest */;
			productType = "com.apple.product-type.bundle.unit-test";
		};
		BE5DF63E2883577D0099AA30 /* PreworkUITests */ = {
			isa = PBXNativeTarget;
			buildConfigurationList = BE5DF64F2883577D0099AA30 /* Build configuration list for PBXNativeTarget "PreworkUITests" */;
			buildPhases = (
				BE5DF63B2883577D0099AA30 /* Sources */,
				BE5DF63C2883577D0099AA30 /* Frameworks */,
				BE5DF63D2883577D0099AA30 /* Resources */,
			);
			buildRules = (
			);
			dependencies = (
				BE5DF6412883577D0099AA30 /* PBXTargetDependency */,
			);
			name = PreworkUITests;
			productName = PreworkUITests;
			productReference = BE5DF63F2883577D0099AA30 /* PreworkUITests.xctest */;
			productType = "com.apple.product-type.bundle.ui-testing";
		};
/* End PBXNativeTarget section */

/* Begin PBXProject section */
		BE5DF6172883577C0099AA30 /* Project object */ = {
			isa = PBXProject;
			attributes = {
				BuildIndependentTargetsInParallel = 1;
				LastSwiftUpdateCheck = 1400;
				LastUpgradeCheck = 1400;
				TargetAttributes = {
					BE5DF61E2883577C0099AA30 = {
						CreatedOnToolsVersion = 14.0;
					};
					BE5DF6342883577D0099AA30 = {
						CreatedOnToolsVersion = 14.0;
						TestTargetID = BE5DF61E2883577C0099AA30;
					};
					BE5DF63E2883577D0099AA30 = {
						CreatedOnToolsVersion = 14.0;
						TestTargetID = BE5DF61E2883577C0099AA30;
					};
				};
			};
			buildConfigurationList = BE5DF61A2883577C0099AA30 /* Build configuration list for PBXProject "Prework" */;
			compatibilityVersion = "Xcode 14.0";
			developmentRegion = en;
			hasScannedForEncodings = 0;
			knownRegions = (
				en,
				Base,
			);
			mainGroup = BE5DF6162883577C0099AA30;
			productRefGroup = BE5DF6202883577C0099AA30 /* Products */;
			projectDirPath = "";
			projectRoot = "";
			targets = (
				BE5DF61E2883577C0099AA30 /* Prework */,
				BE5DF6342883577D0099AA30 /* PreworkTests */,
				BE5DF63E2883577D0099AA30 /* PreworkUITests */,
			);
		};
/* End PBXProject section */

/* Begin PBXResourcesBuildPhase section */
		BE5DF61D2883577C0099AA30 /* Resources */ = {
			isa = PBXResourcesBuildPhase;
			buildActionMask = 2147483647;
			files = (
				BE5DF62F2883577D0099AA30 /* LaunchScreen.storyboard in Resources */,
				BE5DF62C2883577D0099AA30 /* Assets.xcassets in Resources */,
				BE5DF62A2883577C0099AA30 /* Main.storyboard in Resources */,
			);
			runOnlyForDeploymentPostprocessing = 0;
		};
		BE5DF6332883577D0099AA30 /* Resources */ = {
			isa = PBXResourcesBuildPhase;
			buildActionMask = 2147483647;
			files = (
			);
			runOnlyForDeploymentPostprocessing = 0;
		};
		BE5DF63D2883577D0099AA30 /* Resources */ = {
			isa = PBXResourcesBuildPhase;
			buildActionMask = 2147483647;
			files = (
			);
			runOnlyForDeploymentPostprocessing = 0;
		};
/* End PBXResourcesBuildPhase section */

/* Begin PBXSourcesBuildPhase section */
		BE5DF61B2883577C0099AA30 /* Sources */ = {
			isa = PBXSourcesBuildPhase;
			buildActionMask = 2147483647;
			files = (
				BE5DF6272883577C0099AA30 /* ViewController.swift in Sources */,
				BE5DF6232883577C0099AA30 /* AppDelegate.swift in Sources */,
				BE5DF6252883577C0099AA30 /* SceneDelegate.swift in Sources */,
			);
			runOnlyForDeploymentPostprocessing = 0;
		};
		BE5DF6312883577D0099AA30 /* Sources */ = {
			isa = PBXSourcesBuildPhase;
			buildActionMask = 2147483647;
			files = (
				BE5DF63A2883577D0099AA30 /* PreworkTests.swift in Sources */,
			);
			runOnlyForDeploymentPostprocessing = 0;
		};
		BE5DF63B2883577D0099AA30 /* Sources */ = {
			isa = PBXSourcesBuildPhase;
			buildActionMask = 2147483647;
			files = (
				BE5DF6442883577D0099AA30 /* PreworkUITests.swift in Sources */,
				BE5DF6462883577D0099AA30 /* PreworkUITestsLaunchTests.swift in Sources */,
			);
			runOnlyForDeploymentPostprocessing = 0;
		};
/* End PBXSourcesBuildPhase section */

/* Begin PBXTargetDependency section */
		BE5DF6372883577D0099AA30 /* PBXTargetDependency */ = {
			isa = PBXTargetDependency;
			target = BE5DF61E2883577C0099AA30 /* Prework */;
			targetProxy = BE5DF6362883577D0099AA30 /* PBXContainerItemProxy */;
		};
		BE5DF6412883577D0099AA30 /* PBXTargetDependency */ = {
			isa = PBXTargetDependency;
			target = BE5DF61E2883577C0099AA30 /* Prework */;
			targetProxy = BE5DF6402883577D0099AA30 /* PBXContainerItemProxy */;
		};
/* End PBXTargetDependency section */

/* Begin PBXVariantGroup section */
		BE5DF6282883577C0099AA30 /* Main.storyboard */ = {
			isa = PBXVariantGroup;
			children = (
				BE5DF6292883577C0099AA30 /* Base */,
			);
			name = Main.storyboard;
			sourceTree = "<group>";
		};
		BE5DF62D2883577D0099AA30 /* LaunchScreen.storyboard */ = {
			isa = PBXVariantGroup;
			children = (
				BE5DF62E2883577D0099AA30 /* Base */,
			);
			name = LaunchScreen.storyboard;
			sourceTree = "<group>";
		};
/* End PBXVariantGroup section */

/* Begin XCBuildConfiguration section */
		BE5DF6472883577D0099AA30 /* Debug */ = {
			isa = XCBuildConfiguration;
			buildSettings = {
				ALWAYS_SEARCH_USER_PATHS = NO;
				CLANG_ANALYZER_NONNULL = YES;
				CLANG_ANALYZER_NUMBER_OBJECT_CONVERSION = YES_AGGRESSIVE;
				CLANG_CXX_LANGUAGE_STANDARD = "gnu++17";
				CLANG_ENABLE_MODULES = YES;
				CLANG_ENABLE_OBJC_ARC = YES;
				CLANG_ENABLE_OBJC_WEAK = YES;
				CLANG_WARN_BLOCK_CAPTURE_AUTORELEASING = YES;
				CLANG_WARN_BOOL_CONVERSION = YES;
				CLANG_WARN_COMMA = YES;
				CLANG_WARN_CONSTANT_CONVERSION = YES;
				CLANG_WARN_DEPRECATED_OBJC_IMPLEMENTATIONS = YES;
				CLANG_WARN_DIRECT_OBJC_ISA_USAGE = YES_ERROR;
				CLANG_WARN_DOCUMENTATION_COMMENTS = YES;
				CLANG_WARN_EMPTY_BODY = YES;
				CLANG_WARN_ENUM_CONVERSION = YES;
				CLANG_WARN_INFINITE_RECURSION = YES;
				CLANG_WARN_INT_CONVERSION = YES;
				CLANG_WARN_NON_LITERAL_NULL_CONVERSION = YES;
				CLANG_WARN_OBJC_IMPLICIT_RETAIN_SELF = YES;
				CLANG_WARN_OBJC_LITERAL_CONVERSION = YES;
				CLANG_WARN_OBJC_ROOT_CLASS = YES_ERROR;
				CLANG_WARN_QUOTED_INCLUDE_IN_FRAMEWORK_HEADER = YES;
				CLANG_WARN_RANGE_LOOP_ANALYSIS = YES;
				CLANG_WARN_STRICT_PROTOTYPES = YES;
				CLANG_WARN_SUSPICIOUS_MOVE = YES;
				CLANG_WARN_UNGUARDED_AVAILABILITY = YES_AGGRESSIVE;
				CLANG_WARN_UNREACHABLE_CODE = YES;
				CLANG_WARN__DUPLICATE_METHOD_MATCH = YES;
				COPY_PHASE_STRIP = NO;
				DEBUG_INFORMATION_FORMAT = dwarf;
				ENABLE_STRICT_OBJC_MSGSEND = YES;
				ENABLE_TESTABILITY = YES;
				GCC_C_LANGUAGE_STANDARD = gnu11;
				GCC_DYNAMIC_NO_PIC = NO;
				GCC_NO_COMMON_BLOCKS = YES;
				GCC_OPTIMIZATION_LEVEL = 0;
				GCC_PREPROCESSOR_DEFINITIONS = (
					"DEBUG=1",
					"$(inherited)",
				);
				GCC_WARN_64_TO_32_BIT_CONVERSION = YES;
				GCC_WARN_ABOUT_RETURN_TYPE = YES_ERROR;
				GCC_WARN_UNDECLARED_SELECTOR = YES;
				GCC_WARN_UNINITIALIZED_AUTOS = YES_AGGRESSIVE;
				GCC_WARN_UNUSED_FUNCTION = YES;
				GCC_WARN_UNUSED_VARIABLE = YES;
				IPHONEOS_DEPLOYMENT_TARGET = 16.0;
				MTL_ENABLE_DEBUG_INFO = INCLUDE_SOURCE;
				MTL_FAST_MATH = YES;
				ONLY_ACTIVE_ARCH = YES;
				SDKROOT = iphoneos;
				SWIFT_ACTIVE_COMPILATION_CONDITIONS = DEBUG;
				SWIFT_OPTIMIZATION_LEVEL = "-Onone";
			};
			name = Debug;
		};
		BE5DF6482883577D0099AA30 /* Release */ = {
			isa = XCBuildConfiguration;
			buildSettings = {
				ALWAYS_SEARCH_USER_PATHS = NO;
				CLANG_ANALYZER_NONNULL = YES;
				CLANG_ANALYZER_NUMBER_OBJECT_CONVERSION = YES_AGGRESSIVE;
				CLANG_CXX_LANGUAGE_STANDARD = "gnu++17";
				CLANG_ENABLE_MODULES = YES;
				CLANG_ENABLE_OBJC_ARC = YES;
				CLANG_ENABLE_OBJC_WEAK = YES;
				CLANG_WARN_BLOCK_CAPTURE_AUTORELEASING = YES;
				CLANG_WARN_BOOL_CONVERSION = YES;
				CLANG_WARN_COMMA = YES;
				CLANG_WARN_CONSTANT_CONVERSION = YES;
				CLANG_WARN_DEPRECATED_OBJC_IMPLEMENTATIONS = YES;
				CLANG_WARN_DIRECT_OBJC_ISA_USAGE = YES_ERROR;
				CLANG_WARN_DOCUMENTATION_COMMENTS = YES;
				CLANG_WARN_EMPTY_BODY = YES;
				CLANG_WARN_ENUM_CONVERSION = YES;
				CLANG_WARN_INFINITE_RECURSION = YES;
				CLANG_WARN_INT_CONVERSION = YES;
				CLANG_WARN_NON_LITERAL_NULL_CONVERSION = YES;
				CLANG_WARN_OBJC_IMPLICIT_RETAIN_SELF = YES;
				CLANG_WARN_OBJC_LITERAL_CONVERSION = YES;
				CLANG_WARN_OBJC_ROOT_CLASS = YES_ERROR;
				CLANG_WARN_QUOTED_INCLUDE_IN_FRAMEWORK_HEADER = YES;
				CLANG_WARN_RANGE_LOOP_ANALYSIS = YES;
				CLANG_WARN_STRICT_PROTOTYPES = YES;
				CLANG_WARN_SUSPICIOUS_MOVE = YES;
				CLANG_WARN_UNGUARDED_AVAILABILITY = YES_AGGRESSIVE;
				CLANG_WARN_UNREACHABLE_CODE = YES;
				CLANG_WARN__DUPLICATE_METHOD_MATCH = YES;
				COPY_PHASE_STRIP = NO;
				DEBUG_INFORMATION_FORMAT = "dwarf-with-dsym";
				ENABLE_NS_ASSERTIONS = NO;
				ENABLE_STRICT_OBJC_MSGSEND = YES;
				GCC_C_LANGUAGE_STANDARD = gnu11;
				GCC_NO_COMMON_BLOCKS = YES;
				GCC_WARN_64_TO_32_BIT_CONVERSION = YES;
				GCC_WARN_ABOUT_RETURN_TYPE = YES_ERROR;
				GCC_WARN_UNDECLARED_SELECTOR = YES;
				GCC_WARN_UNINITIALIZED_AUTOS = YES_AGGRESSIVE;
				GCC_WARN_UNUSED_FUNCTION = YES;
				GCC_WARN_UNUSED_VARIABLE = YES;
				IPHONEOS_DEPLOYMENT_TARGET = 16.0;
				MTL_ENABLE_DEBUG_INFO = NO;
				MTL_FAST_MATH = YES;
				SDKROOT = iphoneos;
				SWIFT_COMPILATION_MODE = wholemodule;
				SWIFT_OPTIMIZATION_LEVEL = "-O";
				VALIDATE_PRODUCT = YES;
			};
			name = Release;
		};
		BE5DF64A2883577D0099AA30 /* Debug */ = {
			isa = XCBuildConfiguration;
			buildSettings = {
				ASSETCATALOG_COMPILER_APPICON_NAME = AppIcon;
				ASSETCATALOG_COMPILER_GLOBAL_ACCENT_COLOR_NAME = AccentColor;
				CODE_SIGN_STYLE = Automatic;
				CURRENT_PROJECT_VERSION = 1;
				GENERATE_INFOPLIST_FILE = YES;
				INFOPLIST_FILE = Prework/Info.plist;
				INFOPLIST_KEY_UIApplicationSupportsIndirectInputEvents = YES;
				INFOPLIST_KEY_UILaunchStoryboardName = LaunchScreen;
				INFOPLIST_KEY_UIMainStoryboardFile = Main;
				INFOPLIST_KEY_UISupportedInterfaceOrientations_iPad = "UIInterfaceOrientationPortrait UIInterfaceOrientationPortraitUpsideDown UIInterfaceOrientationLandscapeLeft UIInterfaceOrientationLandscapeRight";
				INFOPLIST_KEY_UISupportedInterfaceOrientations_iPhone = "UIInterfaceOrientationPortrait UIInterfaceOrientationLandscapeLeft UIInterfaceOrientationLandscapeRight";
				LD_RUNPATH_SEARCH_PATHS = (
					"$(inherited)",
					"@executable_path/Frameworks",
				);
				MARKETING_VERSION = 1.0;
				PRODUCT_BUNDLE_IDENTIFIER = com.kensteckler.Prework;
				PRODUCT_NAME = "$(TARGET_NAME)";
				SWIFT_EMIT_LOC_STRINGS = YES;
				SWIFT_VERSION = 5.0;
				TARGETED_DEVICE_FAMILY = "1,2";
			};
			name = Debug;
		};
		BE5DF64B2883577D0099AA30 /* Release */ = {
			isa = XCBuildConfiguration;
			buildSettings = {
				ASSETCATALOG_COMPILER_APPICON_NAME = AppIcon;
				ASSETCATALOG_COMPILER_GLOBAL_ACCENT_COLOR_NAME = AccentColor;
				CODE_SIGN_STYLE = Automatic;
				CURRENT_PROJECT_VERSION = 1;
				GENERATE_INFOPLIST_FILE = YES;
				INFOPLIST_FILE = Prework/Info.plist;
				INFOPLIST_KEY_UIApplicationSupportsIndirectInputEvents = YES;
				INFOPLIST_KEY_UILaunchStoryboardName = LaunchScreen;
				INFOPLIST_KEY_UIMainStoryboardFile = Main;
				INFOPLIST_KEY_UISupportedInterfaceOrientations_iPad = "UIInterfaceOrientationPortrait UIInterfaceOrientationPortraitUpsideDown UIInterfaceOrientationLandscapeLeft UIInterfaceOrientationLandscapeRight";
				INFOPLIST_KEY_UISupportedInterfaceOrientations_iPhone = "UIInterfaceOrientationPortrait UIInterfaceOrientationLandscapeLeft UIInterfaceOrientationLandscapeRight";
				LD_RUNPATH_SEARCH_PATHS = (
					"$(inherited)",
					"@executable_path/Frameworks",
				);
				MARKETING_VERSION = 1.0;
				PRODUCT_BUNDLE_IDENTIFIER = com.kensteckler.Prework;
				PRODUCT_NAME = "$(TARGET_NAME)";
				SWIFT_EMIT_LOC_STRINGS = YES;
				SWIFT_VERSION = 5.0;
				TARGETED_DEVICE_FAMILY = "1,2";
			};
			name = Release;
		};
		BE5DF64D2883577D0099AA30 /* Debug */ = {
			isa = XCBuildConfiguration;
			buildSettings = {
				ALWAYS_EMBED_SWIFT_STANDARD_LIBRARIES = YES;
				BUNDLE_LOADER = "$(TEST_HOST)";
				CODE_SIGN_STYLE = Automatic;
				CURRENT_PROJECT_VERSION = 1;
				GENERATE_INFOPLIST_FILE = YES;
				IPHONEOS_DEPLOYMENT_TARGET = 16.0;
				MARKETING_VERSION = 1.0;
				PRODUCT_BUNDLE_IDENTIFIER = com.kensteckler.PreworkTests;
				PRODUCT_NAME = "$(TARGET_NAME)";
				SWIFT_EMIT_LOC_STRINGS = NO;
				SWIFT_VERSION = 5.0;
				TARGETED_DEVICE_FAMILY = "1,2";
				TEST_HOST = "$(BUILT_PRODUCTS_DIR)/Prework.app/$(BUNDLE_EXECUTABLE_FOLDER_PATH)/Prework";
			};
			name = Debug;
		};
		BE5DF64E2883577D0099AA30 /* Release */ = {
			isa = XCBuildConfiguration;
			buildSettings = {
				ALWAYS_EMBED_SWIFT_STANDARD_LIBRARIES = YES;
				BUNDLE_LOADER = "$(TEST_HOST)";
				CODE_SIGN_STYLE = Automatic;
				CURRENT_PROJECT_VERSION = 1;
				GENERATE_INFOPLIST_FILE = YES;
				IPHONEOS_DEPLOYMENT_TARGET = 16.0;
				MARKETING_VERSION = 1.0;
				PRODUCT_BUNDLE_IDENTIFIER = com.kensteckler.PreworkTests;
				PRODUCT_NAME = "$(TARGET_NAME)";
				SWIFT_EMIT_LOC_STRINGS = NO;
				SWIFT_VERSION = 5.0;
				TARGETED_DEVICE_FAMILY = "1,2";
				TEST_HOST = "$(BUILT_PRODUCTS_DIR)/Prework.app/$(BUNDLE_EXECUTABLE_FOLDER_PATH)/Prework";
			};
			name = Release;
		};
		BE5DF6502883577D0099AA30 /* Debug */ = {
			isa = XCBuildConfiguration;
			buildSettings = {
				ALWAYS_EMBED_SWIFT_STANDARD_LIBRARIES = YES;
				CODE_SIGN_STYLE = Automatic;
				CURRENT_PROJECT_VERSION = 1;
				GENERATE_INFOPLIST_FILE = YES;
				MARKETING_VERSION = 1.0;
				PRODUCT_BUNDLE_IDENTIFIER = com.kensteckler.PreworkUITests;
				PRODUCT_NAME = "$(TARGET_NAME)";
				SWIFT_EMIT_LOC_STRINGS = NO;
				SWIFT_VERSION = 5.0;
				TARGETED_DEVICE_FAMILY = "1,2";
				TEST_TARGET_NAME = Prework;
			};
			name = Debug;
		};
		BE5DF6512883577D0099AA30 /* Release */ = {
			isa = XCBuildConfiguration;
			buildSettings = {
				ALWAYS_EMBED_SWIFT_STANDARD_LIBRARIES = YES;
				CODE_SIGN_STYLE = Automatic;
				CURRENT_PROJECT_VERSION = 1;
				GENERATE_INFOPLIST_FILE = YES;
				MARKETING_VERSION = 1.0;
				PRODUCT_BUNDLE_IDENTIFIER = com.kensteckler.PreworkUITests;
				PRODUCT_NAME = "$(TARGET_NAME)";
				SWIFT_EMIT_LOC_STRINGS = NO;
				SWIFT_VERSION = 5.0;
				TARGETED_DEVICE_FAMILY = "1,2";
				TEST_TARGET_NAME = Prework;
			};
			name = Release;
		};
/* End XCBuildConfiguration section */

/* Begin XCConfigurationList section */
		BE5DF61A2883577C0099AA30 /* Build configuration list for PBXProject "Prework" */ = {
			isa = XCConfigurationList;
			buildConfigurations = (
				BE5DF6472883577D0099AA30 /* Debug */,
				BE5DF6482883577D0099AA30 /* Release */,
			);
			defaultConfigurationIsVisible = 0;
			defaultConfigurationName = Release;
		};
		BE5DF6492883577D0099AA30 /* Build configuration list for PBXNativeTarget "Prework" */ = {
			isa = XCConfigurationList;
			buildConfigurations = (
				BE5DF64A2883577D0099AA30 /* Debug */,
				BE5DF64B2883577D0099AA30 /* Release */,
			);
			defaultConfigurationIsVisible = 0;
			defaultConfigurationName = Release;
		};
		BE5DF64C2883577D0099AA30 /* Build configuration list for PBXNativeTarget "PreworkTests" */ = {
			isa = XCConfigurationList;
			buildConfigurations = (
				BE5DF64D2883577D0099AA30 /* Debug */,
				BE5DF64E2883577D0099AA30 /* Release */,
			);
			defaultConfigurationIsVisible = 0;
			defaultConfigurationName = Release;
		};
		BE5DF64F2883577D0099AA30 /* Build configuration list for PBXNativeTarget "PreworkUITests" */ = {
			isa = XCConfigurationList;
			buildConfigurations = (
				BE5DF6502883577D0099AA30 /* Debug */,
				BE5DF6512883577D0099AA30 /* Release */,
			);
			defaultConfigurationIsVisible = 0;
			defaultConfigurationName = Release;
		};
/* End XCConfigurationList section */
	};
	rootObject = BE5DF6172883577C0099AA30 /* Project object */;
}
